
Microsoft Visual Studio Solution File, Format Version 12.00
# Visual Studio 15
VisualStudioVersion = 15.0.27428.2027
MinimumVisualStudioVersion = 10.0.40219.1
Project("{FAE04EC0-301F-11D3-BF4B-00C04F79EFBC}") = "Joystick_Calibration_Tool", "Joystick_Calibration_Tool\Joystick_Calibration_Tool.csproj", "{A3F094D2-D690-4B6C-BA6B-F94FCEF7573D}"
EndProject
Global
	GlobalSection(SolutionConfigurationPlatforms) = preSolution
		Debug|Any CPU = Debug|Any CPU
		Release|Any CPU = Release|Any CPU
	EndGlobalSection
	GlobalSection(ProjectConfigurationPlatforms) = postSolution
		{A3F094D2-D690-4B6C-BA6B-F94FCEF7573D}.Debug|Any CPU.ActiveCfg = Debug|Any CPU
		{A3F094D2-D690-4B6C-BA6B-F94FCEF7573D}.Debug|Any CPU.Build.0 = Debug|Any CPU
		{A3F094D2-D690-4B6C-BA6B-F94FCEF7573D}.Release|Any CPU.ActiveCfg = Release|Any CPU
		{A3F094D2-D690-4B6C-BA6B-F94FCEF7573D}.Release|Any CPU.Build.0 = Release|Any CPU
	EndGlobalSection
	GlobalSection(SolutionProperties) = preSolution
		HideSolutionNode = FALSE
	EndGlobalSection
	GlobalSection(ExtensibilityGlobals) = postSolution
		SolutionGuid = {B0263A19-C283-4B8A-8C37-D8577D590EAC}
	EndGlobalSection
EndGlobal
